// !$*UTF8*$!
{
	archiveVersion = 1;
	classes = {
	};
	objectVersion = 48;
	objects = {

/* Begin PBXBuildFile section */
		17B390F81F8E1460001E7C38 /* LoadingViewController.swift in Sources */ = {isa = PBXBuildFile; fileRef = 17B390F71F8E1460001E7C38 /* LoadingViewController.swift */; };
		17B390F91F8E1460001E7C38 /* LoadingViewController.swift in Sources */ = {isa = PBXBuildFile; fileRef = 17B390F71F8E1460001E7C38 /* LoadingViewController.swift */; };
		17B390FB1F8E2EE1001E7C38 /* PreviewBookViewController.swift in Sources */ = {isa = PBXBuildFile; fileRef = 17B390FA1F8E2EE1001E7C38 /* PreviewBookViewController.swift */; };
		17B390FC1F8E2EE1001E7C38 /* PreviewBookViewController.swift in Sources */ = {isa = PBXBuildFile; fileRef = 17B390FA1F8E2EE1001E7C38 /* PreviewBookViewController.swift */; };
		17D87EED1F8C8D3000E6BA00 /* AppDelegate.swift in Sources */ = {isa = PBXBuildFile; fileRef = 17D87EEC1F8C8D3000E6BA00 /* AppDelegate.swift */; };
		17D87EEF1F8C8D3000E6BA00 /* BooksViewController.swift in Sources */ = {isa = PBXBuildFile; fileRef = 17D87EEE1F8C8D3000E6BA00 /* BooksViewController.swift */; };
		17D87EF21F8C8D3000E6BA00 /* Main.storyboard in Resources */ = {isa = PBXBuildFile; fileRef = 17D87EF01F8C8D3000E6BA00 /* Main.storyboard */; };
		17D87EF51F8C8D3000E6BA00 /* GoogleBooks.xcdatamodeld in Sources */ = {isa = PBXBuildFile; fileRef = 17D87EF31F8C8D3000E6BA00 /* GoogleBooks.xcdatamodeld */; };
		17D87EF71F8C8D3000E6BA00 /* Assets.xcassets in Resources */ = {isa = PBXBuildFile; fileRef = 17D87EF61F8C8D3000E6BA00 /* Assets.xcassets */; };
		17D87EFA1F8C8D3000E6BA00 /* LaunchScreen.storyboard in Resources */ = {isa = PBXBuildFile; fileRef = 17D87EF81F8C8D3000E6BA00 /* LaunchScreen.storyboard */; };
		17D87F051F8C8D3000E6BA00 /* GoogleBooksTests.swift in Sources */ = {isa = PBXBuildFile; fileRef = 17D87F041F8C8D3000E6BA00 /* GoogleBooksTests.swift */; };
		17D87F101F8C8D3000E6BA00 /* GoogleBooksUITests.swift in Sources */ = {isa = PBXBuildFile; fileRef = 17D87F0F1F8C8D3000E6BA00 /* GoogleBooksUITests.swift */; };
		17D87F2C1F8C990C00E6BA00 /* AccessInfo.swift in Sources */ = {isa = PBXBuildFile; fileRef = 17D87F221F8C990C00E6BA00 /* AccessInfo.swift */; };
		17D87F2D1F8C990C00E6BA00 /* Epub.swift in Sources */ = {isa = PBXBuildFile; fileRef = 17D87F231F8C990C00E6BA00 /* Epub.swift */; };
		17D87F2E1F8C990C00E6BA00 /* ImageLinks.swift in Sources */ = {isa = PBXBuildFile; fileRef = 17D87F241F8C990C00E6BA00 /* ImageLinks.swift */; };
		17D87F2F1F8C990C00E6BA00 /* IndustryIdentifiers.swift in Sources */ = {isa = PBXBuildFile; fileRef = 17D87F251F8C990C00E6BA00 /* IndustryIdentifiers.swift */; };
		17D87F301F8C990C00E6BA00 /* Items.swift in Sources */ = {isa = PBXBuildFile; fileRef = 17D87F261F8C990C00E6BA00 /* Items.swift */; };
		17D87F321F8C990C00E6BA00 /* Pdf.swift in Sources */ = {isa = PBXBuildFile; fileRef = 17D87F281F8C990C00E6BA00 /* Pdf.swift */; };
		17D87F331F8C990C00E6BA00 /* ReadingModes.swift in Sources */ = {isa = PBXBuildFile; fileRef = 17D87F291F8C990C00E6BA00 /* ReadingModes.swift */; };
		17D87F341F8C990C00E6BA00 /* SaleInfo.swift in Sources */ = {isa = PBXBuildFile; fileRef = 17D87F2A1F8C990C00E6BA00 /* SaleInfo.swift */; };
		17D87F351F8C990C00E6BA00 /* VolumeInfo.swift in Sources */ = {isa = PBXBuildFile; fileRef = 17D87F2B1F8C990C00E6BA00 /* VolumeInfo.swift */; };
		17D87F371F8C99FF00E6BA00 /* Books.swift in Sources */ = {isa = PBXBuildFile; fileRef = 17D87F361F8C99FF00E6BA00 /* Books.swift */; };
		17D87F3A1F8C9B3600E6BA00 /* NetworkManager.swift in Sources */ = {isa = PBXBuildFile; fileRef = 17D87F391F8C9B3600E6BA00 /* NetworkManager.swift */; };
		17D87F3B1F8C9B3600E6BA00 /* NetworkManager.swift in Sources */ = {isa = PBXBuildFile; fileRef = 17D87F391F8C9B3600E6BA00 /* NetworkManager.swift */; };
		17D87F3C1F8C9B4100E6BA00 /* AccessInfo.swift in Sources */ = {isa = PBXBuildFile; fileRef = 17D87F221F8C990C00E6BA00 /* AccessInfo.swift */; };
		17D87F3D1F8C9B4100E6BA00 /* Books.swift in Sources */ = {isa = PBXBuildFile; fileRef = 17D87F361F8C99FF00E6BA00 /* Books.swift */; };
		17D87F3E1F8C9B4100E6BA00 /* Epub.swift in Sources */ = {isa = PBXBuildFile; fileRef = 17D87F231F8C990C00E6BA00 /* Epub.swift */; };
		17D87F3F1F8C9B4100E6BA00 /* ImageLinks.swift in Sources */ = {isa = PBXBuildFile; fileRef = 17D87F241F8C990C00E6BA00 /* ImageLinks.swift */; };
		17D87F401F8C9B4100E6BA00 /* IndustryIdentifiers.swift in Sources */ = {isa = PBXBuildFile; fileRef = 17D87F251F8C990C00E6BA00 /* IndustryIdentifiers.swift */; };
		17D87F411F8C9B4100E6BA00 /* Items.swift in Sources */ = {isa = PBXBuildFile; fileRef = 17D87F261F8C990C00E6BA00 /* Items.swift */; };
		17D87F421F8C9B4100E6BA00 /* Pdf.swift in Sources */ = {isa = PBXBuildFile; fileRef = 17D87F281F8C990C00E6BA00 /* Pdf.swift */; };
		17D87F431F8C9B4100E6BA00 /* ReadingModes.swift in Sources */ = {isa = PBXBuildFile; fileRef = 17D87F291F8C990C00E6BA00 /* ReadingModes.swift */; };
		17D87F441F8C9B4100E6BA00 /* SaleInfo.swift in Sources */ = {isa = PBXBuildFile; fileRef = 17D87F2A1F8C990C00E6BA00 /* SaleInfo.swift */; };
		17D87F451F8C9B4100E6BA00 /* VolumeInfo.swift in Sources */ = {isa = PBXBuildFile; fileRef = 17D87F2B1F8C990C00E6BA00 /* VolumeInfo.swift */; };
		17D87F4C1F8C9D2600E6BA00 /* response.json in Resources */ = {isa = PBXBuildFile; fileRef = 17D87F4B1F8C9D2600E6BA00 /* response.json */; };
		17D87F4D1F8C9D2600E6BA00 /* response.json in Resources */ = {isa = PBXBuildFile; fileRef = 17D87F4B1F8C9D2600E6BA00 /* response.json */; };
		17D87F501F8CA27D00E6BA00 /* PanelizationSummary.swift in Sources */ = {isa = PBXBuildFile; fileRef = 17D87F4F1F8CA27D00E6BA00 /* PanelizationSummary.swift */; };
		17D87F511F8CA27D00E6BA00 /* PanelizationSummary.swift in Sources */ = {isa = PBXBuildFile; fileRef = 17D87F4F1F8CA27D00E6BA00 /* PanelizationSummary.swift */; };
		17D87F531F8CA28600E6BA00 /* SearchInfo.swift in Sources */ = {isa = PBXBuildFile; fileRef = 17D87F521F8CA28600E6BA00 /* SearchInfo.swift */; };
		17D87F541F8CA28600E6BA00 /* SearchInfo.swift in Sources */ = {isa = PBXBuildFile; fileRef = 17D87F521F8CA28600E6BA00 /* SearchInfo.swift */; };
		17D87F561F8CBC3700E6BA00 /* AppManager.swift in Sources */ = {isa = PBXBuildFile; fileRef = 17D87F551F8CBC3700E6BA00 /* AppManager.swift */; };
		17D87F571F8CBC3700E6BA00 /* AppManager.swift in Sources */ = {isa = PBXBuildFile; fileRef = 17D87F551F8CBC3700E6BA00 /* AppManager.swift */; };
		17D87F5B1F8CC35C00E6BA00 /* KeychainWrapper.swift in Sources */ = {isa = PBXBuildFile; fileRef = 17D87F5A1F8CC35C00E6BA00 /* KeychainWrapper.swift */; };
		17D87F5C1F8CC35C00E6BA00 /* KeychainWrapper.swift in Sources */ = {isa = PBXBuildFile; fileRef = 17D87F5A1F8CC35C00E6BA00 /* KeychainWrapper.swift */; };
		17D87F5E1F8CED8B00E6BA00 /* DetailsViewController.swift in Sources */ = {isa = PBXBuildFile; fileRef = 17D87F5D1F8CED8B00E6BA00 /* DetailsViewController.swift */; };
		17D87F601F8D041800E6BA00 /* Helper.swift in Sources */ = {isa = PBXBuildFile; fileRef = 17D87F5F1F8D041800E6BA00 /* Helper.swift */; };
		17D87F611F8D041800E6BA00 /* Helper.swift in Sources */ = {isa = PBXBuildFile; fileRef = 17D87F5F1F8D041800E6BA00 /* Helper.swift */; };
		17D87F641F8D1A1400E6BA00 /* BooksTableViewCell.swift in Sources */ = {isa = PBXBuildFile; fileRef = 17D87F631F8D1A1400E6BA00 /* BooksTableViewCell.swift */; };
		17D87F651F8D1A1400E6BA00 /* BooksTableViewCell.swift in Sources */ = {isa = PBXBuildFile; fileRef = 17D87F631F8D1A1400E6BA00 /* BooksTableViewCell.swift */; };
		17D87F671F8D1A7100E6BA00 /* RatingView.swift in Sources */ = {isa = PBXBuildFile; fileRef = 17D87F661F8D1A7100E6BA00 /* RatingView.swift */; };
		17D87F681F8D1A7100E6BA00 /* RatingView.swift in Sources */ = {isa = PBXBuildFile; fileRef = 17D87F661F8D1A7100E6BA00 /* RatingView.swift */; };
/* End PBXBuildFile section */

/* Begin PBXContainerItemProxy section */
		17D87F011F8C8D3000E6BA00 /* PBXContainerItemProxy */ = {
			isa = PBXContainerItemProxy;
			containerPortal = 17D87EE11F8C8D3000E6BA00 /* Project object */;
			proxyType = 1;
			remoteGlobalIDString = 17D87EE81F8C8D3000E6BA00;
			remoteInfo = GoogleBooks;
		};
		17D87F0C1F8C8D3000E6BA00 /* PBXContainerItemProxy */ = {
			isa = PBXContainerItemProxy;
			containerPortal = 17D87EE11F8C8D3000E6BA00 /* Project object */;
			proxyType = 1;
			remoteGlobalIDString = 17D87EE81F8C8D3000E6BA00;
			remoteInfo = GoogleBooks;
		};
/* End PBXContainerItemProxy section */

/* Begin PBXFileReference section */
		17B390F71F8E1460001E7C38 /* LoadingViewController.swift */ = {isa = PBXFileReference; lastKnownFileType = sourcecode.swift; path = LoadingViewController.swift; sourceTree = "<group>"; };
		17B390FA1F8E2EE1001E7C38 /* PreviewBookViewController.swift */ = {isa = PBXFileReference; lastKnownFileType = sourcecode.swift; path = PreviewBookViewController.swift; sourceTree = "<group>"; };
		17D87EE91F8C8D3000E6BA00 /* GoogleBooks.app */ = {isa = PBXFileReference; explicitFileType = wrapper.application; includeInIndex = 0; path = GoogleBooks.app; sourceTree = BUILT_PRODUCTS_DIR; };
		17D87EEC1F8C8D3000E6BA00 /* AppDelegate.swift */ = {isa = PBXFileReference; lastKnownFileType = sourcecode.swift; path = AppDelegate.swift; sourceTree = "<group>"; };
		17D87EEE1F8C8D3000E6BA00 /* BooksViewController.swift */ = {isa = PBXFileReference; lastKnownFileType = sourcecode.swift; path = BooksViewController.swift; sourceTree = "<group>"; };
		17D87EF11F8C8D3000E6BA00 /* Base */ = {isa = PBXFileReference; lastKnownFileType = file.storyboard; name = Base; path = Base.lproj/Main.storyboard; sourceTree = "<group>"; };
		17D87EF41F8C8D3000E6BA00 /* GoogleBooks.xcdatamodel */ = {isa = PBXFileReference; lastKnownFileType = wrapper.xcdatamodel; path = GoogleBooks.xcdatamodel; sourceTree = "<group>"; };
		17D87EF61F8C8D3000E6BA00 /* Assets.xcassets */ = {isa = PBXFileReference; lastKnownFileType = folder.assetcatalog; path = Assets.xcassets; sourceTree = "<group>"; };
		17D87EF91F8C8D3000E6BA00 /* Base */ = {isa = PBXFileReference; lastKnownFileType = file.storyboard; name = Base; path = Base.lproj/LaunchScreen.storyboard; sourceTree = "<group>"; };
		17D87EFB1F8C8D3000E6BA00 /* Info.plist */ = {isa = PBXFileReference; lastKnownFileType = text.plist.xml; path = Info.plist; sourceTree = "<group>"; };
		17D87F001F8C8D3000E6BA00 /* GoogleBooksTests.xctest */ = {isa = PBXFileReference; explicitFileType = wrapper.cfbundle; includeInIndex = 0; path = GoogleBooksTests.xctest; sourceTree = BUILT_PRODUCTS_DIR; };
		17D87F041F8C8D3000E6BA00 /* GoogleBooksTests.swift */ = {isa = PBXFileReference; lastKnownFileType = sourcecode.swift; path = GoogleBooksTests.swift; sourceTree = "<group>"; };
		17D87F061F8C8D3000E6BA00 /* Info.plist */ = {isa = PBXFileReference; lastKnownFileType = text.plist.xml; path = Info.plist; sourceTree = "<group>"; };
		17D87F0B1F8C8D3000E6BA00 /* GoogleBooksUITests.xctest */ = {isa = PBXFileReference; explicitFileType = wrapper.cfbundle; includeInIndex = 0; path = GoogleBooksUITests.xctest; sourceTree = BUILT_PRODUCTS_DIR; };
		17D87F0F1F8C8D3000E6BA00 /* GoogleBooksUITests.swift */ = {isa = PBXFileReference; lastKnownFileType = sourcecode.swift; path = GoogleBooksUITests.swift; sourceTree = "<group>"; };
		17D87F111F8C8D3000E6BA00 /* Info.plist */ = {isa = PBXFileReference; lastKnownFileType = text.plist.xml; path = Info.plist; sourceTree = "<group>"; };
		17D87F221F8C990C00E6BA00 /* AccessInfo.swift */ = {isa = PBXFileReference; fileEncoding = 4; lastKnownFileType = sourcecode.swift; path = AccessInfo.swift; sourceTree = "<group>"; };
		17D87F231F8C990C00E6BA00 /* Epub.swift */ = {isa = PBXFileReference; fileEncoding = 4; lastKnownFileType = sourcecode.swift; path = Epub.swift; sourceTree = "<group>"; };
		17D87F241F8C990C00E6BA00 /* ImageLinks.swift */ = {isa = PBXFileReference; fileEncoding = 4; lastKnownFileType = sourcecode.swift; path = ImageLinks.swift; sourceTree = "<group>"; };
		17D87F251F8C990C00E6BA00 /* IndustryIdentifiers.swift */ = {isa = PBXFileReference; fileEncoding = 4; lastKnownFileType = sourcecode.swift; path = IndustryIdentifiers.swift; sourceTree = "<group>"; };
		17D87F261F8C990C00E6BA00 /* Items.swift */ = {isa = PBXFileReference; fileEncoding = 4; lastKnownFileType = sourcecode.swift; path = Items.swift; sourceTree = "<group>"; };
		17D87F281F8C990C00E6BA00 /* Pdf.swift */ = {isa = PBXFileReference; fileEncoding = 4; lastKnownFileType = sourcecode.swift; path = Pdf.swift; sourceTree = "<group>"; };
		17D87F291F8C990C00E6BA00 /* ReadingModes.swift */ = {isa = PBXFileReference; fileEncoding = 4; lastKnownFileType = sourcecode.swift; path = ReadingModes.swift; sourceTree = "<group>"; };
		17D87F2A1F8C990C00E6BA00 /* SaleInfo.swift */ = {isa = PBXFileReference; fileEncoding = 4; lastKnownFileType = sourcecode.swift; path = SaleInfo.swift; sourceTree = "<group>"; };
		17D87F2B1F8C990C00E6BA00 /* VolumeInfo.swift */ = {isa = PBXFileReference; fileEncoding = 4; lastKnownFileType = sourcecode.swift; path = VolumeInfo.swift; sourceTree = "<group>"; };
		17D87F361F8C99FF00E6BA00 /* Books.swift */ = {isa = PBXFileReference; fileEncoding = 4; lastKnownFileType = sourcecode.swift; path = Books.swift; sourceTree = "<group>"; };
		17D87F391F8C9B3600E6BA00 /* NetworkManager.swift */ = {isa = PBXFileReference; lastKnownFileType = sourcecode.swift; path = NetworkManager.swift; sourceTree = "<group>"; };
		17D87F4B1F8C9D2600E6BA00 /* response.json */ = {isa = PBXFileReference; fileEncoding = 4; lastKnownFileType = text.json; path = response.json; sourceTree = "<group>"; };
		17D87F4F1F8CA27D00E6BA00 /* PanelizationSummary.swift */ = {isa = PBXFileReference; fileEncoding = 4; lastKnownFileType = sourcecode.swift; path = PanelizationSummary.swift; sourceTree = "<group>"; };
		17D87F521F8CA28600E6BA00 /* SearchInfo.swift */ = {isa = PBXFileReference; fileEncoding = 4; lastKnownFileType = sourcecode.swift; path = SearchInfo.swift; sourceTree = "<group>"; };
		17D87F551F8CBC3700E6BA00 /* AppManager.swift */ = {isa = PBXFileReference; lastKnownFileType = sourcecode.swift; path = AppManager.swift; sourceTree = "<group>"; };
		17D87F581F8CBFF300E6BA00 /* GoogleBooks.entitlements */ = {isa = PBXFileReference; lastKnownFileType = text.plist.entitlements; path = GoogleBooks.entitlements; sourceTree = "<group>"; };
		17D87F5A1F8CC35C00E6BA00 /* KeychainWrapper.swift */ = {isa = PBXFileReference; lastKnownFileType = sourcecode.swift; path = KeychainWrapper.swift; sourceTree = "<group>"; };
		17D87F5D1F8CED8B00E6BA00 /* DetailsViewController.swift */ = {isa = PBXFileReference; lastKnownFileType = sourcecode.swift; path = DetailsViewController.swift; sourceTree = "<group>"; };
		17D87F5F1F8D041800E6BA00 /* Helper.swift */ = {isa = PBXFileReference; lastKnownFileType = sourcecode.swift; path = Helper.swift; sourceTree = "<group>"; };
		17D87F631F8D1A1400E6BA00 /* BooksTableViewCell.swift */ = {isa = PBXFileReference; lastKnownFileType = sourcecode.swift; path = BooksTableViewCell.swift; sourceTree = "<group>"; };
		17D87F661F8D1A7100E6BA00 /* RatingView.swift */ = {isa = PBXFileReference; lastKnownFileType = sourcecode.swift; path = RatingView.swift; sourceTree = "<group>"; };
/* End PBXFileReference section */

/* Begin PBXFrameworksBuildPhase section */
		17D87EE61F8C8D3000E6BA00 /* Frameworks */ = {
			isa = PBXFrameworksBuildPhase;
			buildActionMask = 2147483647;
			files = (
			);
			runOnlyForDeploymentPostprocessing = 0;
		};
		17D87EFD1F8C8D3000E6BA00 /* Frameworks */ = {
			isa = PBXFrameworksBuildPhase;
			buildActionMask = 2147483647;
			files = (
			);
			runOnlyForDeploymentPostprocessing = 0;
		};
		17D87F081F8C8D3000E6BA00 /* Frameworks */ = {
			isa = PBXFrameworksBuildPhase;
			buildActionMask = 2147483647;
			files = (
			);
			runOnlyForDeploymentPostprocessing = 0;
		};
/* End PBXFrameworksBuildPhase section */

/* Begin PBXGroup section */
		17D87EE01F8C8D3000E6BA00 = {
			isa = PBXGroup;
			children = (
				17D87EEB1F8C8D3000E6BA00 /* GoogleBooks */,
				17D87F031F8C8D3000E6BA00 /* GoogleBooksTests */,
				17D87F0E1F8C8D3000E6BA00 /* GoogleBooksUITests */,
				17D87EEA1F8C8D3000E6BA00 /* Products */,
			);
			sourceTree = "<group>";
		};
		17D87EEA1F8C8D3000E6BA00 /* Products */ = {
			isa = PBXGroup;
			children = (
				17D87EE91F8C8D3000E6BA00 /* GoogleBooks.app */,
				17D87F001F8C8D3000E6BA00 /* GoogleBooksTests.xctest */,
				17D87F0B1F8C8D3000E6BA00 /* GoogleBooksUITests.xctest */,
			);
			name = Products;
			sourceTree = "<group>";
		};
		17D87EEB1F8C8D3000E6BA00 /* GoogleBooks */ = {
			isa = PBXGroup;
			children = (
				17D87F621F8D109A00E6BA00 /* Views */,
				17D87F591F8CC34100E6BA00 /* Helper */,
				17D87F581F8CBFF300E6BA00 /* GoogleBooks.entitlements */,
				17D87F461F8C9CC500E6BA00 /* Response */,
				17D87F381F8C9AE700E6BA00 /* Controller */,
				17D87F211F8C990C00E6BA00 /* DataModels */,
				17D87EEC1F8C8D3000E6BA00 /* AppDelegate.swift */,
				17B390F71F8E1460001E7C38 /* LoadingViewController.swift */,
				17D87EEE1F8C8D3000E6BA00 /* BooksViewController.swift */,
				17D87F5D1F8CED8B00E6BA00 /* DetailsViewController.swift */,
				17B390FA1F8E2EE1001E7C38 /* PreviewBookViewController.swift */,
				17D87EF01F8C8D3000E6BA00 /* Main.storyboard */,
				17D87EF61F8C8D3000E6BA00 /* Assets.xcassets */,
				17D87EF81F8C8D3000E6BA00 /* LaunchScreen.storyboard */,
				17D87EFB1F8C8D3000E6BA00 /* Info.plist */,
				17D87EF31F8C8D3000E6BA00 /* GoogleBooks.xcdatamodeld */,
			);
			path = GoogleBooks;
			sourceTree = "<group>";
		};
		17D87F031F8C8D3000E6BA00 /* GoogleBooksTests */ = {
			isa = PBXGroup;
			children = (
				17D87F041F8C8D3000E6BA00 /* GoogleBooksTests.swift */,
				17D87F061F8C8D3000E6BA00 /* Info.plist */,
			);
			path = GoogleBooksTests;
			sourceTree = "<group>";
		};
		17D87F0E1F8C8D3000E6BA00 /* GoogleBooksUITests */ = {
			isa = PBXGroup;
			children = (
				17D87F0F1F8C8D3000E6BA00 /* GoogleBooksUITests.swift */,
				17D87F111F8C8D3000E6BA00 /* Info.plist */,
			);
			path = GoogleBooksUITests;
			sourceTree = "<group>";
		};
		17D87F211F8C990C00E6BA00 /* DataModels */ = {
			isa = PBXGroup;
			children = (
				17D87F221F8C990C00E6BA00 /* AccessInfo.swift */,
				17D87F361F8C99FF00E6BA00 /* Books.swift */,
				17D87F231F8C990C00E6BA00 /* Epub.swift */,
				17D87F241F8C990C00E6BA00 /* ImageLinks.swift */,
				17D87F251F8C990C00E6BA00 /* IndustryIdentifiers.swift */,
				17D87F261F8C990C00E6BA00 /* Items.swift */,
				17D87F4F1F8CA27D00E6BA00 /* PanelizationSummary.swift */,
				17D87F281F8C990C00E6BA00 /* Pdf.swift */,
				17D87F291F8C990C00E6BA00 /* ReadingModes.swift */,
				17D87F2A1F8C990C00E6BA00 /* SaleInfo.swift */,
				17D87F521F8CA28600E6BA00 /* SearchInfo.swift */,
				17D87F2B1F8C990C00E6BA00 /* VolumeInfo.swift */,
			);
			path = DataModels;
			sourceTree = "<group>";
		};
		17D87F381F8C9AE700E6BA00 /* Controller */ = {
			isa = PBXGroup;
			children = (
				17D87F391F8C9B3600E6BA00 /* NetworkManager.swift */,
				17D87F551F8CBC3700E6BA00 /* AppManager.swift */,
			);
			path = Controller;
			sourceTree = "<group>";
		};
		17D87F461F8C9CC500E6BA00 /* Response */ = {
			isa = PBXGroup;
			children = (
				17D87F4B1F8C9D2600E6BA00 /* response.json */,
			);
			path = Response;
			sourceTree = "<group>";
		};
		17D87F591F8CC34100E6BA00 /* Helper */ = {
			isa = PBXGroup;
			children = (
				17D87F5A1F8CC35C00E6BA00 /* KeychainWrapper.swift */,
				17D87F5F1F8D041800E6BA00 /* Helper.swift */,
			);
			path = Helper;
			sourceTree = "<group>";
		};
		17D87F621F8D109A00E6BA00 /* Views */ = {
			isa = PBXGroup;
			children = (
				17D87F631F8D1A1400E6BA00 /* BooksTableViewCell.swift */,
				17D87F661F8D1A7100E6BA00 /* RatingView.swift */,
			);
			path = Views;
			sourceTree = "<group>";
		};
/* End PBXGroup section */

/* Begin PBXNativeTarget section */
		17D87EE81F8C8D3000E6BA00 /* GoogleBooks */ = {
			isa = PBXNativeTarget;
			buildConfigurationList = 17D87F141F8C8D3000E6BA00 /* Build configuration list for PBXNativeTarget "GoogleBooks" */;
			buildPhases = (
				17D87EE51F8C8D3000E6BA00 /* Sources */,
				17D87EE61F8C8D3000E6BA00 /* Frameworks */,
				17D87EE71F8C8D3000E6BA00 /* Resources */,
			);
			buildRules = (
			);
			dependencies = (
			);
			name = GoogleBooks;
			productName = GoogleBooks;
			productReference = 17D87EE91F8C8D3000E6BA00 /* GoogleBooks.app */;
			productType = "com.apple.product-type.application";
		};
		17D87EFF1F8C8D3000E6BA00 /* GoogleBooksTests */ = {
			isa = PBXNativeTarget;
			buildConfigurationList = 17D87F171F8C8D3000E6BA00 /* Build configuration list for PBXNativeTarget "GoogleBooksTests" */;
			buildPhases = (
				17D87EFC1F8C8D3000E6BA00 /* Sources */,
				17D87EFD1F8C8D3000E6BA00 /* Frameworks */,
				17D87EFE1F8C8D3000E6BA00 /* Resources */,
			);
			buildRules = (
			);
			dependencies = (
				17D87F021F8C8D3000E6BA00 /* PBXTargetDependency */,
			);
			name = GoogleBooksTests;
			productName = GoogleBooksTests;
			productReference = 17D87F001F8C8D3000E6BA00 /* GoogleBooksTests.xctest */;
			productType = "com.apple.product-type.bundle.unit-test";
		};
		17D87F0A1F8C8D3000E6BA00 /* GoogleBooksUITests */ = {
			isa = PBXNativeTarget;
			buildConfigurationList = 17D87F1A1F8C8D3000E6BA00 /* Build configuration list for PBXNativeTarget "GoogleBooksUITests" */;
			buildPhases = (
				17D87F071F8C8D3000E6BA00 /* Sources */,
				17D87F081F8C8D3000E6BA00 /* Frameworks */,
				17D87F091F8C8D3000E6BA00 /* Resources */,
			);
			buildRules = (
			);
			dependencies = (
				17D87F0D1F8C8D3000E6BA00 /* PBXTargetDependency */,
			);
			name = GoogleBooksUITests;
			productName = GoogleBooksUITests;
			productReference = 17D87F0B1F8C8D3000E6BA00 /* GoogleBooksUITests.xctest */;
			productType = "com.apple.product-type.bundle.ui-testing";
		};
/* End PBXNativeTarget section */

/* Begin PBXProject section */
		17D87EE11F8C8D3000E6BA00 /* Project object */ = {
			isa = PBXProject;
			attributes = {
				LastSwiftUpdateCheck = 0900;
				LastUpgradeCheck = 0900;
				ORGANIZATIONNAME = "Sayan Chatterjee";
				TargetAttributes = {
					17D87EE81F8C8D3000E6BA00 = {
						CreatedOnToolsVersion = 9.0;
						LastSwiftMigration = 0900;
						ProvisioningStyle = Automatic;
						SystemCapabilities = {
							com.apple.Keychain = {
								enabled = 0;
							};
						};
					};
					17D87EFF1F8C8D3000E6BA00 = {
						CreatedOnToolsVersion = 9.0;
						LastSwiftMigration = 0900;
						ProvisioningStyle = Automatic;
						TestTargetID = 17D87EE81F8C8D3000E6BA00;
					};
					17D87F0A1F8C8D3000E6BA00 = {
						CreatedOnToolsVersion = 9.0;
						ProvisioningStyle = Automatic;
						TestTargetID = 17D87EE81F8C8D3000E6BA00;
					};
				};
			};
			buildConfigurationList = 17D87EE41F8C8D3000E6BA00 /* Build configuration list for PBXProject "GoogleBooks" */;
			compatibilityVersion = "Xcode 8.0";
			developmentRegion = en;
			hasScannedForEncodings = 0;
			knownRegions = (
				en,
				Base,
			);
			mainGroup = 17D87EE01F8C8D3000E6BA00;
			productRefGroup = 17D87EEA1F8C8D3000E6BA00 /* Products */;
			projectDirPath = "";
			projectRoot = "";
			targets = (
				17D87EE81F8C8D3000E6BA00 /* GoogleBooks */,
				17D87EFF1F8C8D3000E6BA00 /* GoogleBooksTests */,
				17D87F0A1F8C8D3000E6BA00 /* GoogleBooksUITests */,
			);
		};
/* End PBXProject section */

/* Begin PBXResourcesBuildPhase section */
		17D87EE71F8C8D3000E6BA00 /* Resources */ = {
			isa = PBXResourcesBuildPhase;
			buildActionMask = 2147483647;
			files = (
				17D87F4C1F8C9D2600E6BA00 /* response.json in Resources */,
				17D87EFA1F8C8D3000E6BA00 /* LaunchScreen.storyboard in Resources */,
				17D87EF71F8C8D3000E6BA00 /* Assets.xcassets in Resources */,
				17D87EF21F8C8D3000E6BA00 /* Main.storyboard in Resources */,
			);
			runOnlyForDeploymentPostprocessing = 0;
		};
		17D87EFE1F8C8D3000E6BA00 /* Resources */ = {
			isa = PBXResourcesBuildPhase;
			buildActionMask = 2147483647;
			files = (
				17D87F4D1F8C9D2600E6BA00 /* response.json in Resources */,
			);
			runOnlyForDeploymentPostprocessing = 0;
		};
		17D87F091F8C8D3000E6BA00 /* Resources */ = {
			isa = PBXResourcesBuildPhase;
			buildActionMask = 2147483647;
			files = (
			);
			runOnlyForDeploymentPostprocessing = 0;
		};
/* End PBXResourcesBuildPhase section */

/* Begin PBXSourcesBuildPhase section */
		17D87EE51F8C8D3000E6BA00 /* Sources */ = {
			isa = PBXSourcesBuildPhase;
			buildActionMask = 2147483647;
			files = (
				17D87F341F8C990C00E6BA00 /* SaleInfo.swift in Sources */,
				17D87F371F8C99FF00E6BA00 /* Books.swift in Sources */,
				17D87F2C1F8C990C00E6BA00 /* AccessInfo.swift in Sources */,
				17D87F321F8C990C00E6BA00 /* Pdf.swift in Sources */,
				17D87F501F8CA27D00E6BA00 /* PanelizationSummary.swift in Sources */,
				17D87F331F8C990C00E6BA00 /* ReadingModes.swift in Sources */,
				17B390FB1F8E2EE1001E7C38 /* PreviewBookViewController.swift in Sources */,
				17D87F641F8D1A1400E6BA00 /* BooksTableViewCell.swift in Sources */,
				17D87EEF1F8C8D3000E6BA00 /* BooksViewController.swift in Sources */,
				17D87F601F8D041800E6BA00 /* Helper.swift in Sources */,
				17D87F2D1F8C990C00E6BA00 /* Epub.swift in Sources */,
				17D87F301F8C990C00E6BA00 /* Items.swift in Sources */,
				17D87F671F8D1A7100E6BA00 /* RatingView.swift in Sources */,
				17D87F5B1F8CC35C00E6BA00 /* KeychainWrapper.swift in Sources */,
				17D87F351F8C990C00E6BA00 /* VolumeInfo.swift in Sources */,
				17D87F2F1F8C990C00E6BA00 /* IndustryIdentifiers.swift in Sources */,
				17D87F561F8CBC3700E6BA00 /* AppManager.swift in Sources */,
				17B390F81F8E1460001E7C38 /* LoadingViewController.swift in Sources */,
				17D87F5E1F8CED8B00E6BA00 /* DetailsViewController.swift in Sources */,
				17D87F3A1F8C9B3600E6BA00 /* NetworkManager.swift in Sources */,
				17D87EF51F8C8D3000E6BA00 /* GoogleBooks.xcdatamodeld in Sources */,
				17D87F531F8CA28600E6BA00 /* SearchInfo.swift in Sources */,
				17D87EED1F8C8D3000E6BA00 /* AppDelegate.swift in Sources */,
				17D87F2E1F8C990C00E6BA00 /* ImageLinks.swift in Sources */,
			);
			runOnlyForDeploymentPostprocessing = 0;
		};
		17D87EFC1F8C8D3000E6BA00 /* Sources */ = {
			isa = PBXSourcesBuildPhase;
			buildActionMask = 2147483647;
			files = (
				17D87F411F8C9B4100E6BA00 /* Items.swift in Sources */,
				17D87F3D1F8C9B4100E6BA00 /* Books.swift in Sources */,
				17D87F3E1F8C9B4100E6BA00 /* Epub.swift in Sources */,
				17D87F421F8C9B4100E6BA00 /* Pdf.swift in Sources */,
				17D87F3C1F8C9B4100E6BA00 /* AccessInfo.swift in Sources */,
				17D87F3F1F8C9B4100E6BA00 /* ImageLinks.swift in Sources */,
				17B390FC1F8E2EE1001E7C38 /* PreviewBookViewController.swift in Sources */,
				17D87F571F8CBC3700E6BA00 /* AppManager.swift in Sources */,
				17B390F91F8E1460001E7C38 /* LoadingViewController.swift in Sources */,
				17D87F511F8CA27D00E6BA00 /* PanelizationSummary.swift in Sources */,
				17D87F611F8D041800E6BA00 /* Helper.swift in Sources */,
				17D87F541F8CA28600E6BA00 /* SearchInfo.swift in Sources */,
				17D87F401F8C9B4100E6BA00 /* IndustryIdentifiers.swift in Sources */,
				17D87F3B1F8C9B3600E6BA00 /* NetworkManager.swift in Sources */,
				17D87F651F8D1A1400E6BA00 /* BooksTableViewCell.swift in Sources */,
				17D87F051F8C8D3000E6BA00 /* GoogleBooksTests.swift in Sources */,
				17D87F441F8C9B4100E6BA00 /* SaleInfo.swift in Sources */,
				17D87F5C1F8CC35C00E6BA00 /* KeychainWrapper.swift in Sources */,
				17D87F431F8C9B4100E6BA00 /* ReadingModes.swift in Sources */,
				17D87F681F8D1A7100E6BA00 /* RatingView.swift in Sources */,
				17D87F451F8C9B4100E6BA00 /* VolumeInfo.swift in Sources */,
			);
			runOnlyForDeploymentPostprocessing = 0;
		};
		17D87F071F8C8D3000E6BA00 /* Sources */ = {
			isa = PBXSourcesBuildPhase;
			buildActionMask = 2147483647;
			files = (
				17D87F101F8C8D3000E6BA00 /* GoogleBooksUITests.swift in Sources */,
			);
			runOnlyForDeploymentPostprocessing = 0;
		};
/* End PBXSourcesBuildPhase section */

/* Begin PBXTargetDependency section */
		17D87F021F8C8D3000E6BA00 /* PBXTargetDependency */ = {
			isa = PBXTargetDependency;
			target = 17D87EE81F8C8D3000E6BA00 /* GoogleBooks */;
			targetProxy = 17D87F011F8C8D3000E6BA00 /* PBXContainerItemProxy */;
		};
		17D87F0D1F8C8D3000E6BA00 /* PBXTargetDependency */ = {
			isa = PBXTargetDependency;
			target = 17D87EE81F8C8D3000E6BA00 /* GoogleBooks */;
			targetProxy = 17D87F0C1F8C8D3000E6BA00 /* PBXContainerItemProxy */;
		};
/* End PBXTargetDependency section */

/* Begin PBXVariantGroup section */
		17D87EF01F8C8D3000E6BA00 /* Main.storyboard */ = {
			isa = PBXVariantGroup;
			children = (
				17D87EF11F8C8D3000E6BA00 /* Base */,
			);
			name = Main.storyboard;
			sourceTree = "<group>";
		};
		17D87EF81F8C8D3000E6BA00 /* LaunchScreen.storyboard */ = {
			isa = PBXVariantGroup;
			children = (
				17D87EF91F8C8D3000E6BA00 /* Base */,
			);
			name = LaunchScreen.storyboard;
			sourceTree = "<group>";
		};
/* End PBXVariantGroup section */

/* Begin XCBuildConfiguration section */
		17D87F121F8C8D3000E6BA00 /* Debug */ = {
			isa = XCBuildConfiguration;
			buildSettings = {
				ALWAYS_SEARCH_USER_PATHS = NO;
				CLANG_ANALYZER_NONNULL = YES;
				CLANG_ANALYZER_NUMBER_OBJECT_CONVERSION = YES_AGGRESSIVE;
				CLANG_CXX_LANGUAGE_STANDARD = "gnu++14";
				CLANG_CXX_LIBRARY = "libc++";
				CLANG_ENABLE_MODULES = YES;
				CLANG_ENABLE_OBJC_ARC = YES;
				CLANG_WARN_BLOCK_CAPTURE_AUTORELEASING = YES;
				CLANG_WARN_BOOL_CONVERSION = YES;
				CLANG_WARN_COMMA = YES;
				CLANG_WARN_CONSTANT_CONVERSION = YES;
				CLANG_WARN_DIRECT_OBJC_ISA_USAGE = YES_ERROR;
				CLANG_WARN_DOCUMENTATION_COMMENTS = YES;
				CLANG_WARN_EMPTY_BODY = YES;
				CLANG_WARN_ENUM_CONVERSION = YES;
				CLANG_WARN_INFINITE_RECURSION = YES;
				CLANG_WARN_INT_CONVERSION = YES;
				CLANG_WARN_NON_LITERAL_NULL_CONVERSION = YES;
				CLANG_WARN_OBJC_LITERAL_CONVERSION = YES;
				CLANG_WARN_OBJC_ROOT_CLASS = YES_ERROR;
				CLANG_WARN_RANGE_LOOP_ANALYSIS = YES;
				CLANG_WARN_STRICT_PROTOTYPES = YES;
				CLANG_WARN_SUSPICIOUS_MOVE = YES;
				CLANG_WARN_UNGUARDED_AVAILABILITY = YES_AGGRESSIVE;
				CLANG_WARN_UNREACHABLE_CODE = YES;
				CLANG_WARN__DUPLICATE_METHOD_MATCH = YES;
				CODE_SIGN_IDENTITY = "iPhone Developer";
				COPY_PHASE_STRIP = NO;
				DEBUG_INFORMATION_FORMAT = dwarf;
				ENABLE_STRICT_OBJC_MSGSEND = YES;
				ENABLE_TESTABILITY = YES;
				GCC_C_LANGUAGE_STANDARD = gnu11;
				GCC_DYNAMIC_NO_PIC = NO;
				GCC_NO_COMMON_BLOCKS = YES;
				GCC_OPTIMIZATION_LEVEL = 0;
				GCC_PREPROCESSOR_DEFINITIONS = (
					"DEBUG=1",
					"$(inherited)",
				);
				GCC_WARN_64_TO_32_BIT_CONVERSION = YES;
				GCC_WARN_ABOUT_RETURN_TYPE = YES_ERROR;
				GCC_WARN_UNDECLARED_SELECTOR = YES;
				GCC_WARN_UNINITIALIZED_AUTOS = YES_AGGRESSIVE;
				GCC_WARN_UNUSED_FUNCTION = YES;
				GCC_WARN_UNUSED_VARIABLE = YES;
				IPHONEOS_DEPLOYMENT_TARGET = 11.0;
				MTL_ENABLE_DEBUG_INFO = YES;
				ONLY_ACTIVE_ARCH = YES;
				SDKROOT = iphoneos;
				SWIFT_ACTIVE_COMPILATION_CONDITIONS = DEBUG;
				SWIFT_OPTIMIZATION_LEVEL = "-Onone";
			};
			name = Debug;
		};
		17D87F131F8C8D3000E6BA00 /* Release */ = {
			isa = XCBuildConfiguration;
			buildSettings = {
				ALWAYS_SEARCH_USER_PATHS = NO;
				CLANG_ANALYZER_NONNULL = YES;
				CLANG_ANALYZER_NUMBER_OBJECT_CONVERSION = YES_AGGRESSIVE;
				CLANG_CXX_LANGUAGE_STANDARD = "gnu++14";
				CLANG_CXX_LIBRARY = "libc++";
				CLANG_ENABLE_MODULES = YES;
				CLANG_ENABLE_OBJC_ARC = YES;
				CLANG_WARN_BLOCK_CAPTURE_AUTORELEASING = YES;
				CLANG_WARN_BOOL_CONVERSION = YES;
				CLANG_WARN_COMMA = YES;
				CLANG_WARN_CONSTANT_CONVERSION = YES;
				CLANG_WARN_DIRECT_OBJC_ISA_USAGE = YES_ERROR;
				CLANG_WARN_DOCUMENTATION_COMMENTS = YES;
				CLANG_WARN_EMPTY_BODY = YES;
				CLANG_WARN_ENUM_CONVERSION = YES;
				CLANG_WARN_INFINITE_RECURSION = YES;
				CLANG_WARN_INT_CONVERSION = YES;
				CLANG_WARN_NON_LITERAL_NULL_CONVERSION = YES;
				CLANG_WARN_OBJC_LITERAL_CONVERSION = YES;
				CLANG_WARN_OBJC_ROOT_CLASS = YES_ERROR;
				CLANG_WARN_RANGE_LOOP_ANALYSIS = YES;
				CLANG_WARN_STRICT_PROTOTYPES = YES;
				CLANG_WARN_SUSPICIOUS_MOVE = YES;
				CLANG_WARN_UNGUARDED_AVAILABILITY = YES_AGGRESSIVE;
				CLANG_WARN_UNREACHABLE_CODE = YES;
				CLANG_WARN__DUPLICATE_METHOD_MATCH = YES;
				CODE_SIGN_IDENTITY = "iPhone Developer";
				COPY_PHASE_STRIP = NO;
				DEBUG_INFORMATION_FORMAT = "dwarf-with-dsym";
				ENABLE_NS_ASSERTIONS = NO;
				ENABLE_STRICT_OBJC_MSGSEND = YES;
				GCC_C_LANGUAGE_STANDARD = gnu11;
				GCC_NO_COMMON_BLOCKS = YES;
				GCC_WARN_64_TO_32_BIT_CONVERSION = YES;
				GCC_WARN_ABOUT_RETURN_TYPE = YES_ERROR;
				GCC_WARN_UNDECLARED_SELECTOR = YES;
				GCC_WARN_UNINITIALIZED_AUTOS = YES_AGGRESSIVE;
				GCC_WARN_UNUSED_FUNCTION = YES;
				GCC_WARN_UNUSED_VARIABLE = YES;
				IPHONEOS_DEPLOYMENT_TARGET = 11.0;
				MTL_ENABLE_DEBUG_INFO = NO;
				SDKROOT = iphoneos;
				SWIFT_OPTIMIZATION_LEVEL = "-Owholemodule";
				VALIDATE_PRODUCT = YES;
			};
			name = Release;
		};
		17D87F151F8C8D3000E6BA00 /* Debug */ = {
			isa = XCBuildConfiguration;
			buildSettings = {
				ASSETCATALOG_COMPILER_APPICON_NAME = AppIcon;
				CLANG_ENABLE_MODULES = YES;
				CODE_SIGN_STYLE = Automatic;
				DEVELOPMENT_TEAM = NHBHM58ET9;
				INFOPLIST_FILE = GoogleBooks/Info.plist;
				LD_RUNPATH_SEARCH_PATHS = "$(inherited) @executable_path/Frameworks";
				PRODUCT_BUNDLE_IDENTIFIER = com.demo.GoogleBooks;
				PRODUCT_NAME = "$(TARGET_NAME)";
				SWIFT_OPTIMIZATION_LEVEL = "-Onone";
				SWIFT_VERSION = 4.0;
				TARGETED_DEVICE_FAMILY = "1,2";
			};
			name = Debug;
		};
		17D87F161F8C8D3000E6BA00 /* Release */ = {
			isa = XCBuildConfiguration;
			buildSettings = {
				ASSETCATALOG_COMPILER_APPICON_NAME = AppIcon;
				CLANG_ENABLE_MODULES = YES;
				CODE_SIGN_STYLE = Automatic;
				DEVELOPMENT_TEAM = NHBHM58ET9;
				INFOPLIST_FILE = GoogleBooks/Info.plist;
				LD_RUNPATH_SEARCH_PATHS = "$(inherited) @executable_path/Frameworks";
				PRODUCT_BUNDLE_IDENTIFIER = com.demo.GoogleBooks;
				PRODUCT_NAME = "$(TARGET_NAME)";
				SWIFT_VERSION = 4.0;
				TARGETED_DEVICE_FAMILY = "1,2";
			};
			name = Release;
		};
		17D87F181F8C8D3000E6BA00 /* Debug */ = {
			isa = XCBuildConfiguration;
			buildSettings = {
				ALWAYS_EMBED_SWIFT_STANDARD_LIBRARIES = YES;
				BUNDLE_LOADER = "$(TEST_HOST)";
				CLANG_ENABLE_MODULES = YES;
				CODE_SIGN_STYLE = Automatic;
				DEVELOPMENT_TEAM = NHBHM58ET9;
				INFOPLIST_FILE = GoogleBooksTests/Info.plist;
				LD_RUNPATH_SEARCH_PATHS = "$(inherited) @executable_path/Frameworks @loader_path/Frameworks";
				PRODUCT_BUNDLE_IDENTIFIER = com.demo.GoogleBooksTests;
				PRODUCT_NAME = "$(TARGET_NAME)";
				SWIFT_OPTIMIZATION_LEVEL = "-Onone";
				SWIFT_VERSION = 4.0;
				TARGETED_DEVICE_FAMILY = "1,2";
				TEST_HOST = "$(BUILT_PRODUCTS_DIR)/GoogleBooks.app/GoogleBooks";
			};
			name = Debug;
		};
		17D87F191F8C8D3000E6BA00 /* Release */ = {
			isa = XCBuildConfiguration;
			buildSettings = {
				ALWAYS_EMBED_SWIFT_STANDARD_LIBRARIES = YES;
				BUNDLE_LOADER = "$(TEST_HOST)";
				CLANG_ENABLE_MODULES = YES;
				CODE_SIGN_STYLE = Automatic;
				DEVELOPMENT_TEAM = NHBHM58ET9;
				INFOPLIST_FILE = GoogleBooksTests/Info.plist;
				LD_RUNPATH_SEARCH_PATHS = "$(inherited) @executable_path/Frameworks @loader_path/Frameworks";
				PRODUCT_BUNDLE_IDENTIFIER = com.demo.GoogleBooksTests;
				PRODUCT_NAME = "$(TARGET_NAME)";
				SWIFT_VERSION = 4.0;
				TARGETED_DEVICE_FAMILY = "1,2";
				TEST_HOST = "$(BUILT_PRODUCTS_DIR)/GoogleBooks.app/GoogleBooks";
			};
			name = Release;
		};
		17D87F1B1F8C8D3000E6BA00 /* Debug */ = {
			isa = XCBuildConfiguration;
			buildSettings = {
				ALWAYS_EMBED_SWIFT_STANDARD_LIBRARIES = YES;
				CODE_SIGN_STYLE = Automatic;
				DEVELOPMENT_TEAM = NHBHM58ET9;
				INFOPLIST_FILE = GoogleBooksUITests/Info.plist;
				LD_RUNPATH_SEARCH_PATHS = "$(inherited) @executable_path/Frameworks @loader_path/Frameworks";
				PRODUCT_BUNDLE_IDENTIFIER = com.demo.GoogleBooksUITests;
				PRODUCT_NAME = "$(TARGET_NAME)";
				SWIFT_VERSION = 4.0;
				TARGETED_DEVICE_FAMILY = "1,2";
				TEST_TARGET_NAME = GoogleBooks;
			};
			name = Debug;
		};
		17D87F1C1F8C8D3000E6BA00 /* Release */ = {
			isa = XCBuildConfiguration;
			buildSettings = {
				ALWAYS_EMBED_SWIFT_STANDARD_LIBRARIES = YES;
				CODE_SIGN_STYLE = Automatic;
				DEVELOPMENT_TEAM = NHBHM58ET9;
				INFOPLIST_FILE = GoogleBooksUITests/Info.plist;
				LD_RUNPATH_SEARCH_PATHS = "$(inherited) @executable_path/Frameworks @loader_path/Frameworks";
				PRODUCT_BUNDLE_IDENTIFIER = com.demo.GoogleBooksUITests;
				PRODUCT_NAME = "$(TARGET_NAME)";
				SWIFT_VERSION = 4.0;
				TARGETED_DEVICE_FAMILY = "1,2";
				TEST_TARGET_NAME = GoogleBooks;
			};
			name = Release;
		};
/* End XCBuildConfiguration section */

/* Begin XCConfigurationList section */
		17D87EE41F8C8D3000E6BA00 /* Build configuration list for PBXProject "GoogleBooks" */ = {
			isa = XCConfigurationList;
			buildConfigurations = (
				17D87F121F8C8D3000E6BA00 /* Debug */,
				17D87F131F8C8D3000E6BA00 /* Release */,
			);
			defaultConfigurationIsVisible = 0;
			defaultConfigurationName = Release;
		};
		17D87F141F8C8D3000E6BA00 /* Build configuration list for PBXNativeTarget "GoogleBooks" */ = {
			isa = XCConfigurationList;
			buildConfigurations = (
				17D87F151F8C8D3000E6BA00 /* Debug */,
				17D87F161F8C8D3000E6BA00 /* Release */,
			);
			defaultConfigurationIsVisible = 0;
			defaultConfigurationName = Release;
		};
		17D87F171F8C8D3000E6BA00 /* Build configuration list for PBXNativeTarget "GoogleBooksTests" */ = {
			isa = XCConfigurationList;
			buildConfigurations = (
				17D87F181F8C8D3000E6BA00 /* Debug */,
				17D87F191F8C8D3000E6BA00 /* Release */,
			);
			defaultConfigurationIsVisible = 0;
			defaultConfigurationName = Release;
		};
		17D87F1A1F8C8D3000E6BA00 /* Build configuration list for PBXNativeTarget "GoogleBooksUITests" */ = {
			isa = XCConfigurationList;
			buildConfigurations = (
				17D87F1B1F8C8D3000E6BA00 /* Debug */,
				17D87F1C1F8C8D3000E6BA00 /* Release */,
			);
			defaultConfigurationIsVisible = 0;
			defaultConfigurationName = Release;
		};
/* End XCConfigurationList section */

/* Begin XCVersionGroup section */
		17D87EF31F8C8D3000E6BA00 /* GoogleBooks.xcdatamodeld */ = {
			isa = XCVersionGroup;
			children = (
				17D87EF41F8C8D3000E6BA00 /* GoogleBooks.xcdatamodel */,
			);
			currentVersion = 17D87EF41F8C8D3000E6BA00 /* GoogleBooks.xcdatamodel */;
			path = GoogleBooks.xcdatamodeld;
			sourceTree = "<group>";
			versionGroupType = wrapper.xcdatamodel;
		};
/* End XCVersionGroup section */
	};
	rootObject = 17D87EE11F8C8D3000E6BA00 /* Project object */;
}
